
Microsoft Visual Studio Solution File, Format Version 12.00
# Visual Studio Version 16
VisualStudioVersion = 16.0.30907.101
MinimumVisualStudioVersion = 10.0.40219.1
Project("{FAE04EC0-301F-11D3-BF4B-00C04F79EFBC}") = "MyCV", "MyCV\MyCV.csproj", "{6F6328A1-F4DD-42E7-9456-8F90615D7FFE}"
EndProject
Global
	GlobalSection(SolutionConfigurationPlatforms) = preSolution
		Debug|Any CPU = Debug|Any CPU
		Release|Any CPU = Release|Any CPU
	EndGlobalSection
	GlobalSection(ProjectConfigurationPlatforms) = postSolution
		{6F6328A1-F4DD-42E7-9456-8F90615D7FFE}.Debug|Any CPU.ActiveCfg = Debug|Any CPU
		{6F6328A1-F4DD-42E7-9456-8F90615D7FFE}.Debug|Any CPU.Build.0 = Debug|Any CPU
		{6F6328A1-F4DD-42E7-9456-8F90615D7FFE}.Release|Any CPU.ActiveCfg = Release|Any CPU
		{6F6328A1-F4DD-42E7-9456-8F90615D7FFE}.Release|Any CPU.Build.0 = Release|Any CPU
	EndGlobalSection
	GlobalSection(SolutionProperties) = preSolution
		HideSolutionNode = FALSE
	EndGlobalSection
	GlobalSection(ExtensibilityGlobals) = postSolution
		SolutionGuid = {180D0B76-37EA-462A-9AB7-20B399E034CC}
	EndGlobalSection
EndGlobal
